[[package]]
name = "annotated-types"
version = "0.7.0"
description = "Reusable constraint types to use with typing.Annotated"
category = "main"
optional = false
python-versions = ">=3.8"

[[package]]
name = "astroid"
version = "3.3.8"
description = "An abstract syntax tree for Python with inference support."
category = "main"
optional = false
python-versions = ">=3.9.0"

[package.dependencies]
typing-extensions = {version = ">=4.0.0", markers = "python_version < \"3.11\""}

[[package]]
name = "bcrypt"
version = "4.2.1"
description = "Modern password hashing for your software and your servers"
category = "main"
optional = false
python-versions = ">=3.7"

[package.extras]
tests = ["pytest (>=3.2.1,!=3.3.0)"]
typecheck = ["mypy"]

[[package]]
name = "certifi"
version = "2024.12.14"
description = "Python package for providing Mozilla's CA Bundle."
category = "main"
optional = false
python-versions = ">=3.6"

[[package]]
name = "charset-normalizer"
version = "3.4.1"
description = "The Real First Universal Charset Detector. Open, modern and actively maintained alternative to Chardet."
category = "main"
optional = false
python-versions = ">=3.7"

[[package]]
name = "click"
version = "8.1.8"
description = "Composable command line interface toolkit"
category = "dev"
optional = false
python-versions = ">=3.7"

[package.dependencies]
colorama = {version = "*", markers = "platform_system == \"Windows\""}

[[package]]
name = "colorama"
version = "0.4.6"
description = "Cross-platform colored terminal text."
category = "main"
optional = false
python-versions = "!=3.0.*,!=3.1.*,!=3.2.*,!=3.3.*,!=3.4.*,!=3.5.*,!=3.6.*,>=2.7"

[[package]]
name = "dill"
version = "0.3.9"
description = "serialize all of Python"
category = "main"
optional = false
python-versions = ">=3.8"

[package.extras]
graph = ["objgraph (>=1.7.2)"]
profile = ["gprof2dot (>=2022.7.29)"]

[[package]]
name = "flake8"
version = "7.1.1"
description = "the modular source code checker: pep8 pyflakes and co"
category = "main"
optional = false
python-versions = ">=3.8.1"

[package.dependencies]
mccabe = ">=0.7.0,<0.8.0"
pycodestyle = ">=2.12.0,<2.13.0"
pyflakes = ">=3.2.0,<3.3.0"

[[package]]
name = "ghp-import"
version = "2.1.0"
description = "Copy your docs directly to the gh-pages branch."
category = "dev"
optional = false
python-versions = "*"

[package.dependencies]
python-dateutil = ">=2.8.1"

[package.extras]
dev = ["twine", "markdown", "flake8", "wheel"]

[[package]]
name = "idna"
version = "3.10"
description = "Internationalized Domain Names in Applications (IDNA)"
category = "main"
optional = false
python-versions = ">=3.6"

[package.extras]
all = ["ruff (>=0.6.2)", "mypy (>=1.11.2)", "pytest (>=8.3.2)", "flake8 (>=7.1.1)"]

[[package]]
name = "importlib-metadata"
version = "8.5.0"
description = "Read metadata from Python packages"
category = "dev"
optional = false
python-versions = ">=3.8"

[package.dependencies]
zipp = ">=3.20"

[package.extras]
check = ["pytest-checkdocs (>=2.4)", "pytest-ruff (>=0.2.1)"]
cover = ["pytest-cov"]
doc = ["sphinx (>=3.5)", "jaraco.packaging (>=9.3)", "rst.linker (>=1.9)", "furo", "sphinx-lint", "jaraco.tidelift (>=1.4)"]
enabler = ["pytest-enabler (>=2.2)"]
perf = ["ipython"]
test = ["pytest (>=6,<8.1.0 || >=8.2.0)", "packaging", "pyfakefs", "flufl.flake8", "pytest-perf (>=0.9.2)", "jaraco.test (>=5.4)", "importlib-resources (>=1.3)"]
type = ["pytest-mypy"]

[[package]]
name = "isort"
version = "5.13.2"
description = "A Python utility / library to sort Python imports."
category = "main"
optional = false
python-versions = ">=3.8.0"

[package.extras]
colors = ["colorama (>=0.4.6)"]

[[package]]
name = "jinja2"
version = "3.1.5"
description = "A very fast and expressive template engine."
category = "dev"
optional = false
python-versions = ">=3.7"

[package.dependencies]
MarkupSafe = ">=2.0"

[package.extras]
i18n = ["Babel (>=2.7)"]

[[package]]
name = "markdown"
version = "3.7"
description = "Python implementation of John Gruber's Markdown."
category = "dev"
optional = false
python-versions = ">=3.8"

[package.dependencies]
importlib-metadata = {version = ">=4.4", markers = "python_version < \"3.10\""}

[package.extras]
docs = ["mkdocs (>=1.5)", "mkdocs-nature (>=0.6)", "mdx-gh-links (>=0.2)", "mkdocstrings", "mkdocs-gen-files", "mkdocs-section-index", "mkdocs-literate-nav"]
testing = ["coverage", "pyyaml"]

[[package]]
name = "markupsafe"
version = "2.1.5"
description = "Safely add untrusted strings to HTML/XML markup."
category = "dev"
optional = false
python-versions = ">=3.7"

[[package]]
name = "mccabe"
version = "0.7.0"
description = "McCabe checker, plugin for flake8"
category = "main"
optional = false
python-versions = ">=3.6"

[[package]]
name = "mergedeep"
version = "1.3.4"
description = "A deep merge function for 🐍."
category = "dev"
optional = false
python-versions = ">=3.6"

[[package]]
name = "mkdocs"
version = "1.6.1"
description = "Project documentation with Markdown."
category = "dev"
optional = false
python-versions = ">=3.8"

[package.dependencies]
click = ">=7.0"
colorama = {version = ">=0.4", markers = "platform_system == \"Windows\""}
ghp-import = ">=1.0"
importlib-metadata = {version = ">=4.4", markers = "python_version < \"3.10\""}
jinja2 = ">=2.11.1"
markdown = ">=3.3.6"
markupsafe = ">=2.0.1"
mergedeep = ">=1.3.4"
mkdocs-get-deps = ">=0.2.0"
packaging = ">=20.5"
pathspec = ">=0.11.1"
pyyaml = ">=5.1"
pyyaml-env-tag = ">=0.1"
watchdog = ">=2.0"

[package.extras]
i18n = ["babel (>=2.9.0)"]
min-versions = ["babel (==2.9.0)", "click (==7.0)", "colorama (==0.4)", "ghp-import (==1.0)", "importlib-metadata (==4.4)", "jinja2 (==2.11.1)", "markdown (==3.3.6)", "markupsafe (==2.0.1)", "mergedeep (==1.3.4)", "mkdocs-get-deps (==0.2.0)", "packaging (==20.5)", "pathspec (==0.11.1)", "pyyaml-env-tag (==0.1)", "pyyaml (==5.1)", "watchdog (==2.0)"]

[[package]]
name = "mkdocs-get-deps"
version = "0.2.0"
description = "MkDocs extension that lists all dependencies according to a mkdocs.yml file"
category = "dev"
optional = false
python-versions = ">=3.8"

[package.dependencies]
importlib-metadata = {version = ">=4.3", markers = "python_version < \"3.10\""}
mergedeep = ">=1.3.4"
platformdirs = ">=2.2.0"
pyyaml = ">=5.1"

[[package]]
name = "packaging"
version = "24.2"
description = "Core utilities for Python packages"
category = "dev"
optional = false
python-versions = ">=3.8"

[[package]]
name = "pathspec"
version = "0.12.1"
description = "Utility library for gitignore style pattern matching of file paths."
category = "dev"
optional = false
python-versions = ">=3.8"

[[package]]
name = "platformdirs"
version = "4.3.6"
description = "A small Python package for determining appropriate platform-specific dirs, e.g. a `user data dir`."
category = "main"
optional = false
python-versions = ">=3.8"

[package.extras]
docs = ["furo (>=2024.8.6)", "proselint (>=0.14)", "sphinx-autodoc-typehints (>=2.4)", "sphinx (>=8.0.2)"]
test = ["appdirs (==1.4.4)", "covdefaults (>=2.3)", "pytest-cov (>=5)", "pytest-mock (>=3.14)", "pytest (>=8.3.2)"]
type = ["mypy (>=1.11.2)"]

[[package]]
name = "pycodestyle"
version = "2.12.1"
description = "Python style guide checker"
category = "main"
optional = false
python-versions = ">=3.8"

[[package]]
name = "pydantic"
version = "2.10.4"
description = "Data validation using Python type hints"
category = "main"
optional = false
python-versions = ">=3.8"

[package.dependencies]
annotated-types = ">=0.6.0"
pydantic-core = "2.27.2"
typing-extensions = ">=4.12.2"

[package.extras]
email = ["email-validator (>=2.0.0)"]
timezone = ["tzdata"]

[[package]]
name = "pydantic-core"
version = "2.27.2"
description = "Core functionality for Pydantic validation and serialization"
category = "main"
optional = false
python-versions = ">=3.8"

[package.dependencies]
typing-extensions = ">=4.6.0,<4.7.0 || >4.7.0"

[[package]]
name = "pyflakes"
version = "3.2.0"
description = "passive checker of Python programs"
category = "main"
optional = false
python-versions = ">=3.8"

[[package]]
name = "pylint"
version = "3.3.3"
description = "python code static checker"
category = "main"
optional = false
python-versions = ">=3.9.0"

[package.dependencies]
astroid = ">=3.3.8,<=3.4.0-dev0"
colorama = {version = ">=0.4.5", markers = "sys_platform == \"win32\""}
dill = [
    {version = ">=0.2", markers = "python_version < \"3.11\""},
    {version = ">=0.3.6", markers = "python_version >= \"3.11\""},
    {version = ">=0.3.7", markers = "python_version >= \"3.12\""},
]
isort = ">=4.2.5,<5.13.0 || >5.13.0,<6"
mccabe = ">=0.6,<0.8"
platformdirs = ">=2.2.0"
tomli = {version = ">=1.1.0", markers = "python_version < \"3.11\""}
tomlkit = ">=0.10.1"
typing-extensions = {version = ">=3.10.0", markers = "python_version < \"3.10\""}

[package.extras]
testutils = ["gitpython (>3)"]
spelling = ["pyenchant (>=3.2,<4.0)"]

[[package]]
name = "pymdown-extensions"
version = "10.13"
description = "Extension pack for Python Markdown."
category = "dev"
optional = false
python-versions = ">=3.8"

[package.dependencies]
markdown = ">=3.6"
pyyaml = "*"

[package.extras]
extra = ["pygments (>=2.12)"]

[[package]]
name = "python-dateutil"
version = "2.9.0.post0"
description = "Extensions to the standard Python datetime module"
category = "dev"
optional = false
python-versions = "!=3.0.*,!=3.1.*,!=3.2.*,>=2.7"

[package.dependencies]
six = ">=1.5"

[[package]]
name = "pyyaml"
version = "6.0.2"
description = "YAML parser and emitter for Python"
category = "dev"
optional = false
python-versions = ">=3.8"

[[package]]
name = "pyyaml-env-tag"
version = "0.1"
description = "A custom YAML tag for referencing environment variables in YAML files. "
category = "dev"
optional = false
python-versions = ">=3.6"

[package.dependencies]
pyyaml = "*"

[[package]]
name = "requests"
version = "2.32.3"
description = "Python HTTP for Humans."
category = "main"
optional = false
python-versions = ">=3.8"

[package.dependencies]
certifi = ">=2017.4.17"
charset-normalizer = ">=2,<4"
idna = ">=2.5,<4"
urllib3 = ">=1.21.1,<3"

[package.extras]
socks = ["PySocks (>=1.5.6,!=1.5.7)"]
use-chardet-on-py3 = ["chardet (>=3.0.2,<6)"]

[[package]]
name = "six"
version = "1.17.0"
description = "Python 2 and 3 compatibility utilities"
category = "dev"
optional = false
python-versions = "!=3.0.*,!=3.1.*,!=3.2.*,>=2.7"

[[package]]
name = "tomli"
version = "2.2.1"
description = "A lil' TOML parser"
category = "main"
optional = false
python-versions = ">=3.8"

[[package]]
name = "tomlkit"
version = "0.13.2"
description = "Style preserving TOML library"
category = "main"
optional = false
python-versions = ">=3.8"

[[package]]
name = "typing-extensions"
version = "4.12.2"
description = "Backported and Experimental Type Hints for Python 3.8+"
category = "main"
optional = false
python-versions = ">=3.8"

[[package]]
name = "urllib3"
version = "2.2.3"
description = "HTTP library with thread-safe connection pooling, file post, and more."
category = "main"
optional = false
python-versions = ">=3.8"

[package.extras]
brotli = ["brotli (>=1.0.9)", "brotlicffi (>=0.8.0)"]
h2 = ["h2 (>=4,<5)"]
socks = ["pysocks (>=1.5.6,!=1.5.7,<2.0)"]
zstd = ["zstandard (>=0.18.0)"]

[[package]]
name = "watchdog"
version = "4.0.2"
description = "Filesystem events monitoring"
category = "dev"
optional = false
python-versions = ">=3.8"

[package.extras]
watchmedo = ["PyYAML (>=3.10)"]

[[package]]
name = "zipp"
version = "3.20.2"
description = "Backport of pathlib-compatible object wrapper for zip files"
category = "dev"
optional = false
python-versions = ">=3.8"

[package.extras]
check = ["pytest-checkdocs (>=2.4)", "pytest-ruff (>=0.2.1)"]
cover = ["pytest-cov"]
doc = ["sphinx (>=3.5)", "jaraco.packaging (>=9.3)", "rst.linker (>=1.9)", "furo", "sphinx-lint", "jaraco.tidelift (>=1.4)"]
enabler = ["pytest-enabler (>=2.2)"]
test = ["pytest (>=6,<8.1.0 || >=8.2.0)", "jaraco.itertools", "jaraco.functools", "more-itertools", "big-o", "pytest-ignore-flaky", "jaraco.test", "importlib-resources"]
type = ["pytest-mypy"]

[metadata]
lock-version = "1.1"
python-versions = "^3.9.0"
content-hash = "8c5e85f90da6e8a9a9b2834d783c3f6c7eb5e169470947f1d6e068d9f5819d81"

[metadata.files]
annotated-types = []
astroid = []
bcrypt = []
certifi = []
charset-normalizer = []
click = []
colorama = []
dill = []
flake8 = []
ghp-import = []
idna = []
importlib-metadata = []
isort = []
jinja2 = []
markdown = []
markupsafe = []
mccabe = []
mergedeep = []
mkdocs = []
mkdocs-get-deps = []
packaging = []
pathspec = []
platformdirs = []
pycodestyle = []
pydantic = []
pydantic-core = []
pyflakes = []
pylint = []
pymdown-extensions = []
python-dateutil = []
pyyaml = []
pyyaml-env-tag = []
requests = []
six = []
tomli = []
tomlkit = []
typing-extensions = []
urllib3 = []
watchdog = []
zipp = []
